
Microsoft Visual Studio Solution File, Format Version 12.00
# Visual Studio Version 17
VisualStudioVersion = 17.12.35527.113 d17.12
MinimumVisualStudioVersion = 10.0.40219.1
Project("{2150E333-8FDC-42A3-9474-1A3956D46DE8}") = "SolutionFiles", "SolutionFiles", "{E62E1798-C749-4701-A65B-18DD64E9B215}"
EndProject
Project("{FAE04EC0-301F-11D3-BF4B-00C04F79EFBC}") = "CarRaceSimulation.ConApp", "CarRaceSimulation.ConApp\CarRaceSimulation.ConApp.csproj", "{93D3C111-0589-43CA-9A49-E8925C6B6116}"
EndProject
Project("{FAE04EC0-301F-11D3-BF4B-00C04F79EFBC}") = "CarRaceSimulation.Logic", "CarRaceSimulation.Logic\CarRaceSimulation.Logic.csproj", "{1BD9EA09-1C7F-4463-A262-87C1EE3317C0}"
EndProject
Project("{FAE04EC0-301F-11D3-BF4B-00C04F79EFBC}") = "CarRaceSimulation.Tests", "CarRaceSimulation.Tests\CarRaceSimulation.Tests.csproj", "{482A0211-82D2-452E-921C-8CB833E8F182}"
EndProject
Global
	GlobalSection(SolutionConfigurationPlatforms) = preSolution
		Debug|Any CPU = Debug|Any CPU
		Release|Any CPU = Release|Any CPU
	EndGlobalSection
	GlobalSection(ProjectConfigurationPlatforms) = postSolution
		{93D3C111-0589-43CA-9A49-E8925C6B6116}.Debug|Any CPU.ActiveCfg = Debug|Any CPU
		{93D3C111-0589-43CA-9A49-E8925C6B6116}.Debug|Any CPU.Build.0 = Debug|Any CPU
		{93D3C111-0589-43CA-9A49-E8925C6B6116}.Release|Any CPU.ActiveCfg = Release|Any CPU
		{93D3C111-0589-43CA-9A49-E8925C6B6116}.Release|Any CPU.Build.0 = Release|Any CPU
		{1BD9EA09-1C7F-4463-A262-87C1EE3317C0}.Debug|Any CPU.ActiveCfg = Debug|Any CPU
		{1BD9EA09-1C7F-4463-A262-87C1EE3317C0}.Debug|Any CPU.Build.0 = Debug|Any CPU
		{1BD9EA09-1C7F-4463-A262-87C1EE3317C0}.Release|Any CPU.ActiveCfg = Release|Any CPU
		{1BD9EA09-1C7F-4463-A262-87C1EE3317C0}.Release|Any CPU.Build.0 = Release|Any CPU
		{482A0211-82D2-452E-921C-8CB833E8F182}.Debug|Any CPU.ActiveCfg = Debug|Any CPU
		{482A0211-82D2-452E-921C-8CB833E8F182}.Debug|Any CPU.Build.0 = Debug|Any CPU
		{482A0211-82D2-452E-921C-8CB833E8F182}.Release|Any CPU.ActiveCfg = Release|Any CPU
		{482A0211-82D2-452E-921C-8CB833E8F182}.Release|Any CPU.Build.0 = Release|Any CPU
	EndGlobalSection
	GlobalSection(SolutionProperties) = preSolution
		HideSolutionNode = FALSE
	EndGlobalSection
EndGlobal
